
Microsoft Visual Studio Solution File, Format Version 12.00
# Visual Studio Version 17
VisualStudioVersion = 17.14.36301.6 d17.14
MinimumVisualStudioVersion = 10.0.40219.1
Project("{FAE04EC0-301F-11D3-BF4B-00C04F79EFBC}") = "ToDo.UI", "ToDo.UI\ToDo.UI.csproj", "{12428754-3214-4293-BFD6-86C0CA9F6F74}"
EndProject
Global
	GlobalSection(SolutionConfigurationPlatforms) = preSolution
		Debug|Any CPU = Debug|Any CPU
		Release|Any CPU = Release|Any CPU
	EndGlobalSection
	GlobalSection(ProjectConfigurationPlatforms) = postSolution
		{12428754-3214-4293-BFD6-86C0CA9F6F74}.Debug|Any CPU.ActiveCfg = Debug|Any CPU
		{12428754-3214-4293-BFD6-86C0CA9F6F74}.Debug|Any CPU.Build.0 = Debug|Any CPU
		{12428754-3214-4293-BFD6-86C0CA9F6F74}.Release|Any CPU.ActiveCfg = Release|Any CPU
		{12428754-3214-4293-BFD6-86C0CA9F6F74}.Release|Any CPU.Build.0 = Release|Any CPU
	EndGlobalSection
	GlobalSection(SolutionProperties) = preSolution
		HideSolutionNode = FALSE
	EndGlobalSection
	GlobalSection(ExtensibilityGlobals) = postSolution
		SolutionGuid = {4EE86BF8-A626-4E43-ADA8-09A43C514A3E}
	EndGlobalSection
EndGlobal
